{
  "name": "first-app",
  "version": "1.0.0",
  "lockfileVersion": 1,
  "requires": true,
  "dependencies": {
    "ascli": {
      "version": "0.3.0",
      "resolved": "https://registry.npmjs.org/ascli/-/ascli-0.3.0.tgz",
      "integrity": "sha1-XmYjDlIZ/j6JUqTvtPIPrllqgTo=",
      "requires": {
        "colour": "0.7.1",
        "optjs": "3.2.2"
      }
    },
    "async-limiter": {
      "version": "1.0.0",
      "resolved": "https://registry.npmjs.org/async-limiter/-/async-limiter-1.0.0.tgz",
      "integrity": "sha512-jp/uFnooOiO+L211eZOoSyzpOITMXx1rBITauYykG3BRYPu8h0UcxsPNB04RR5vo4Tyz3+ay17tR6JVf9qzYWg=="
    },
    "bufferview": {
      "version": "1.0.1",
      "resolved": "https://registry.npmjs.org/bufferview/-/bufferview-1.0.1.tgz",
      "integrity": "sha1-ev10pF+Tf6QiodM4wIu/3HbNcl0="
    },
    "bytebuffer": {
      "version": "3.5.5",
      "resolved": "https://registry.npmjs.org/bytebuffer/-/bytebuffer-3.5.5.tgz",
      "integrity": "sha1-em+vGhNRSwg/H8+VQcTJv75+f9M=",
      "requires": {
        "bufferview": "1.0.1",
        "long": "2.4.0"
      }
    },
    "castv2": {
      "version": "0.1.9",
      "resolved": "https://registry.npmjs.org/castv2/-/castv2-0.1.9.tgz",
      "integrity": "sha1-0LD6sf0GsNnMpjaIZxbsEpOlkFo=",
      "requires": {
        "debug": "2.6.9",
        "protobufjs": "3.8.2"
      }
    },
    "castv2-client": {
      "version": "1.1.1",
      "resolved": "https://registry.npmjs.org/castv2-client/-/castv2-client-1.1.1.tgz",
      "integrity": "sha1-MBS4m4MLQk9ywXcIvrKhxOex/Ig=",
      "requires": {
        "castv2": "0.1.9",
        "debug": "1.0.5"
      },
      "dependencies": {
        "debug": {
          "version": "1.0.5",
          "resolved": "https://registry.npmjs.org/debug/-/debug-1.0.5.tgz",
          "integrity": "sha1-9yQSF0MPmd7EwrRz6rkiKOh0wqw=",
          "requires": {
            "ms": "2.0.0"
          }
        }
      }
    },
    "chromecast-api": {
      "version": "0.2.5",
      "resolved": "https://registry.npmjs.org/chromecast-api/-/chromecast-api-0.2.5.tgz",
      "integrity": "sha1-Htd08cNf28HwgtI8EauL2nFJa8I=",
      "requires": {
        "castv2-client": "1.1.1",
        "debug": "2.2.0",
        "inherits": "2.0.3",
        "multicast-dns": "2.2.0",
        "node-ssdp": "2.7.0"
      },
      "dependencies": {
        "debug": {
          "version": "2.2.0",
          "resolved": "https://registry.npmjs.org/debug/-/debug-2.2.0.tgz",
          "integrity": "sha1-+HBX6ZWxofauaklgZkE3vFbwOdo=",
          "requires": {
            "ms": "0.7.1"
          }
        },
        "ms": {
          "version": "0.7.1",
          "resolved": "https://registry.npmjs.org/ms/-/ms-0.7.1.tgz",
          "integrity": "sha1-nNE8A62/8ltl7/3nzoZO6VIBcJg="
        }
      }
    },
    "colour": {
      "version": "0.7.1",
      "resolved": "https://registry.npmjs.org/colour/-/colour-0.7.1.tgz",
      "integrity": "sha1-nLFpkX7F0SwHNtPoaFdG3xyt93g="
    },
    "debug": {
      "version": "2.6.9",
      "resolved": "https://registry.npmjs.org/debug/-/debug-2.6.9.tgz",
      "integrity": "sha512-bC7ElrdJaJnPbAP+1EotYvqZsb3ecl5wi6Bfi6BJTUcNowp6cvspg0jXznRTKDjm/E7AdgFBVeAPVMNcKGsHMA==",
      "requires": {
        "ms": "2.0.0"
      }
    },
    "inherits": {
      "version": "2.0.3",
      "resolved": "https://registry.npmjs.org/inherits/-/inherits-2.0.3.tgz",
      "integrity": "sha1-Yzwsg+PaQqUC9SRmAiSA9CCCYd4="
    },
    "ip": {
      "version": "1.1.5",
      "resolved": "https://registry.npmjs.org/ip/-/ip-1.1.5.tgz",
      "integrity": "sha1-vd7XARQpCCjAoDnnLvJfWq7ENUo="
    },
    "is-typedarray": {
      "version": "1.0.0",
      "resolved": "https://registry.npmjs.org/is-typedarray/-/is-typedarray-1.0.0.tgz",
      "integrity": "sha1-5HnICFjfDBsR3dppQPlgEfzaSpo="
    },
    "lgtv": {
      "version": "0.2.4",
      "resolved": "https://registry.npmjs.org/lgtv/-/lgtv-0.2.4.tgz",
      "integrity": "sha1-BcQrXoro82o2vll8pK367fuS+Zk=",
      "requires": {
        "websocket": "1.0.26"
      }
    },
    "long": {
      "version": "2.4.0",
      "resolved": "https://registry.npmjs.org/long/-/long-2.4.0.tgz",
      "integrity": "sha1-n6GAux2VAM3CnEFWdmoZleH0Uk8="
    },
    "ms": {
      "version": "2.0.0",
      "resolved": "https://registry.npmjs.org/ms/-/ms-2.0.0.tgz",
      "integrity": "sha1-VgiurfwAvmwpAd9fmGF4jeDVl8g="
    },
    "multicast-dns": {
      "version": "2.2.0",
      "resolved": "https://registry.npmjs.org/multicast-dns/-/multicast-dns-2.2.0.tgz",
      "integrity": "sha1-K0x0A9dCBu0MH9MIHs8jxdDQYnE=",
      "requires": {
        "thunky": "0.1.0"
      }
    },
    "nan": {
      "version": "2.10.0",
      "resolved": "https://registry.npmjs.org/nan/-/nan-2.10.0.tgz",
      "integrity": "sha512-bAdJv7fBLhWC+/Bls0Oza+mvTaNQtP+1RyhhhvD95pgUJz6XM5IzgmxOkItJ9tkoCiplvAnXI1tNmmUD/eScyA=="
    },
    "node-dash-button": {
      "version": "0.6.1",
      "resolved": "https://registry.npmjs.org/node-dash-button/-/node-dash-button-0.6.1.tgz",
      "integrity": "sha1-09pBAPnx82Yz2no867oqA8VPesY=",
      "requires": {
        "pcap": "git+https://github.com/mranney/node_pcap.git#b4eb828fbfb3ad9a253351aa38cb41c203589712",
        "underscore": "1.9.0"
      }
    },
    "node-ssdp": {
      "version": "2.7.0",
      "resolved": "https://registry.npmjs.org/node-ssdp/-/node-ssdp-2.7.0.tgz",
      "integrity": "sha1-KEU6P9JIzQ21AxJ8Qgl7B+TuDNg=",
      "requires": {
        "debug": "2.6.9",
        "ip": "1.1.5"
      }
    },
    "optjs": {
      "version": "3.2.2",
      "resolved": "https://registry.npmjs.org/optjs/-/optjs-3.2.2.tgz",
      "integrity": "sha1-aabOicRCpEQDFBrS+bNwvVu29O4="
    },
    "pcap": {
      "version": "git+https://github.com/mranney/node_pcap.git#b4eb828fbfb3ad9a253351aa38cb41c203589712",
      "requires": {
        "nan": "2.10.0",
        "socketwatcher": "0.3.0"
      }
    },
    "protobufjs": {
      "version": "3.8.2",
      "resolved": "https://registry.npmjs.org/protobufjs/-/protobufjs-3.8.2.tgz",
      "integrity": "sha1-vIJuNMOvRpfo0K96Zp5NYSrtzRc=",
      "requires": {
        "ascli": "0.3.0",
        "bytebuffer": "3.5.5"
      }
    },
    "socketwatcher": {
      "version": "0.3.0",
      "resolved": "https://registry.npmjs.org/socketwatcher/-/socketwatcher-0.3.0.tgz",
      "integrity": "sha1-SeVhQFj8qrGdZAs3QiWk7qS0t4o=",
      "requires": {
        "nan": "2.10.0"
      }
    },
    "thunky": {
      "version": "0.1.0",
      "resolved": "https://registry.npmjs.org/thunky/-/thunky-0.1.0.tgz",
      "integrity": "sha1-vzAUaCTituZ7Dy16Ssi+smkIaE4="
    },
    "typedarray-to-buffer": {
      "version": "3.1.5",
      "resolved": "https://registry.npmjs.org/typedarray-to-buffer/-/typedarray-to-buffer-3.1.5.tgz",
      "integrity": "sha512-zdu8XMNEDepKKR+XYOXAVPtWui0ly0NtohUscw+UmaHiAWT8hrV1rr//H6V+0DvJ3OQ19S979M0laLfX8rm82Q==",
      "requires": {
        "is-typedarray": "1.0.0"
      }
    },
    "underscore": {
      "version": "1.9.0",
      "resolved": "https://registry.npmjs.org/underscore/-/underscore-1.9.0.tgz",
      "integrity": "sha512-4IV1DSSxC1QK48j9ONFK1MoIAKKkbE8i7u55w2R6IqBqbT7A/iG7aZBCR2Bi8piF0Uz+i/MG1aeqLwl/5vqF+A=="
    },
    "websocket": {
      "version": "1.0.26",
      "resolved": "https://registry.npmjs.org/websocket/-/websocket-1.0.26.tgz",
      "integrity": "sha512-fjcrYDPIQxpTnqFQ9JjxUQcdvR89MFAOjPBlF+vjOt49w/XW4fJknUoMz/mDIn2eK1AdslVojcaOxOqyZZV8rw==",
      "requires": {
        "debug": "2.6.9",
        "nan": "2.10.0",
        "typedarray-to-buffer": "3.1.5",
        "yaeti": "0.0.6"
      }
    },
    "ws": {
      "version": "5.1.1",
      "resolved": "https://registry.npmjs.org/ws/-/ws-5.1.1.tgz",
      "integrity": "sha512-bOusvpCb09TOBLbpMKszd45WKC2KPtxiyiHanv+H2DE3Az+1db5a/L7sVJZVDPUC1Br8f0SKRr1KjLpD1U/IAw==",
      "requires": {
        "async-limiter": "1.0.0"
      }
    },
    "yaeti": {
      "version": "0.0.6",
      "resolved": "https://registry.npmjs.org/yaeti/-/yaeti-0.0.6.tgz",
      "integrity": "sha1-8m9ITXJoTPQr7ft2lwqhYI+/lXc="
    }
  }
}
